{
  "originHash" : "04fcd2e241194773e3e03f99a274fa96da810d9e17df9e498d4ed7a43ce16d6b",
  "pins" : [
    {
      "identity" : "keychainaccess",
      "kind" : "remoteSourceControl",
      "location" : "https://github.com/kishikawakatsumi/KeychainAccess",
      "state" : {
        "branch" : "master",
        "revision" : "e0c7eebc5a4465a3c4680764f26b7a61f567cdaf"
      }
    },
    {
      "identity" : "matrix-rust-components-swift",
      "kind" : "remoteSourceControl",
      "location" : "https://github.com/matrix-org/matrix-rust-components-swift",
      "state" : {
        "revision" : "081c8b433e7df1c4690fb5d2a3fa505a2f21fd97",
        "version" : "25.11.11"
      }
    }
  ],
  "version" : 3
}
